{
  "name": "dsh-plugin-wps-office-next",
  "version": "0.1.0",
  "lockfileVersion": 3,
  "requires": true,
  "packages": {
    "": {
      "name": "dsh-plugin-wps-office-next",
      "version": "0.1.0",
      "license": "MIT",
      "engines": {
        "cpu": [
          "x64"
        ],
        "node": ">=22.19.0",
        "os": [
          "win32"
        ]
      }
    }
  }
}
